// !$*UTF8*$!
{
	archiveVersion = 1;
	classes = {
	};
	objectVersion = 46;
	objects = {

/* Begin PBXBuildFile section */
		4D3DBA021F3442220012D9BF /* RecommendController.swift in Sources */ = {isa = PBXBuildFile; fileRef = 4D3DBA011F3442220012D9BF /* RecommendController.swift */; };
		4D3DBA051F3456070012D9BF /* HomeCollectionHeaderView.swift in Sources */ = {isa = PBXBuildFile; fileRef = 4D3DBA031F3456070012D9BF /* HomeCollectionHeaderView.swift */; };
		4D3DBA061F3456070012D9BF /* HomeCollectionHeaderView.xib in Resources */ = {isa = PBXBuildFile; fileRef = 4D3DBA041F3456070012D9BF /* HomeCollectionHeaderView.xib */; };
		4D3DBA091F3460440012D9BF /* CollectionNormalCell.swift in Sources */ = {isa = PBXBuildFile; fileRef = 4D3DBA071F3460440012D9BF /* CollectionNormalCell.swift */; };
		4D3DBA0A1F3460440012D9BF /* CollectionNormalCell.xib in Resources */ = {isa = PBXBuildFile; fileRef = 4D3DBA081F3460440012D9BF /* CollectionNormalCell.xib */; };
		4D3DBA0D1F3464BA0012D9BF /* CollectionPrettyCell.swift in Sources */ = {isa = PBXBuildFile; fileRef = 4D3DBA0B1F3464BA0012D9BF /* CollectionPrettyCell.swift */; };
		4D3DBA0E1F3464BA0012D9BF /* CollectionPrettyCell.xib in Resources */ = {isa = PBXBuildFile; fileRef = 4D3DBA0C1F3464BA0012D9BF /* CollectionPrettyCell.xib */; };
		4D7181841F2EDA11007CF38A /* AppDelegate.swift in Sources */ = {isa = PBXBuildFile; fileRef = 4D7181831F2EDA11007CF38A /* AppDelegate.swift */; };
		4D7181891F2EDA11007CF38A /* Main.storyboard in Resources */ = {isa = PBXBuildFile; fileRef = 4D7181871F2EDA11007CF38A /* Main.storyboard */; };
		4D71818B1F2EDA11007CF38A /* Assets.xcassets in Resources */ = {isa = PBXBuildFile; fileRef = 4D71818A1F2EDA11007CF38A /* Assets.xcassets */; };
		4D71818E1F2EDA11007CF38A /* LaunchScreen.storyboard in Resources */ = {isa = PBXBuildFile; fileRef = 4D71818C1F2EDA11007CF38A /* LaunchScreen.storyboard */; };
		4D7181A01F2F0D59007CF38A /* Home.storyboard in Resources */ = {isa = PBXBuildFile; fileRef = 4D71819E1F2F0D59007CF38A /* Home.storyboard */; };
		4D7181A31F2F0D89007CF38A /* Live.storyboard in Resources */ = {isa = PBXBuildFile; fileRef = 4D7181A11F2F0D89007CF38A /* Live.storyboard */; };
		4D7181A61F2F0DA8007CF38A /* Follow.storyboard in Resources */ = {isa = PBXBuildFile; fileRef = 4D7181A41F2F0DA8007CF38A /* Follow.storyboard */; };
		4D7181A91F2F0DC5007CF38A /* Profile.storyboard in Resources */ = {isa = PBXBuildFile; fileRef = 4D7181A71F2F0DC5007CF38A /* Profile.storyboard */; };
		4D7181B91F2F149C007CF38A /* MainTabBarController.swift in Sources */ = {isa = PBXBuildFile; fileRef = 4D7181B81F2F149C007CF38A /* MainTabBarController.swift */; };
		4D7181BE1F2F1573007CF38A /* HomeViewController.swift in Sources */ = {isa = PBXBuildFile; fileRef = 4D7181BD1F2F1573007CF38A /* HomeViewController.swift */; };
		4D7181C11F2F2021007CF38A /* UIBarButtonItem-Extension.swift in Sources */ = {isa = PBXBuildFile; fileRef = 4D7181C01F2F2021007CF38A /* UIBarButtonItem-Extension.swift */; };
		4D7181C31F2F32E3007CF38A /* PageTitleView.swift in Sources */ = {isa = PBXBuildFile; fileRef = 4D7181C21F2F32E3007CF38A /* PageTitleView.swift */; };
		4D8F8E561F31836500F1C630 /* Common.swift in Sources */ = {isa = PBXBuildFile; fileRef = 4D8F8E551F31836500F1C630 /* Common.swift */; };
		4D9F731B1F32F7660025E56B /* PageContentView.swift in Sources */ = {isa = PBXBuildFile; fileRef = 4D9F731A1F32F7660025E56B /* PageContentView.swift */; };
		4D9F731F1F3312DA0025E56B /* UIColor-Extension.swift in Sources */ = {isa = PBXBuildFile; fileRef = 4D9F731E1F3312DA0025E56B /* UIColor-Extension.swift */; };
/* End PBXBuildFile section */

/* Begin PBXFileReference section */
		4D3DBA011F3442220012D9BF /* RecommendController.swift */ = {isa = PBXFileReference; fileEncoding = 4; lastKnownFileType = sourcecode.swift; path = RecommendController.swift; sourceTree = "<group>"; };
		4D3DBA031F3456070012D9BF /* HomeCollectionHeaderView.swift */ = {isa = PBXFileReference; fileEncoding = 4; lastKnownFileType = sourcecode.swift; path = HomeCollectionHeaderView.swift; sourceTree = "<group>"; };
		4D3DBA041F3456070012D9BF /* HomeCollectionHeaderView.xib */ = {isa = PBXFileReference; fileEncoding = 4; lastKnownFileType = file.xib; path = HomeCollectionHeaderView.xib; sourceTree = "<group>"; };
		4D3DBA071F3460440012D9BF /* CollectionNormalCell.swift */ = {isa = PBXFileReference; fileEncoding = 4; lastKnownFileType = sourcecode.swift; path = CollectionNormalCell.swift; sourceTree = "<group>"; };
		4D3DBA081F3460440012D9BF /* CollectionNormalCell.xib */ = {isa = PBXFileReference; fileEncoding = 4; lastKnownFileType = file.xib; path = CollectionNormalCell.xib; sourceTree = "<group>"; };
		4D3DBA0B1F3464BA0012D9BF /* CollectionPrettyCell.swift */ = {isa = PBXFileReference; fileEncoding = 4; lastKnownFileType = sourcecode.swift; path = CollectionPrettyCell.swift; sourceTree = "<group>"; };
		4D3DBA0C1F3464BA0012D9BF /* CollectionPrettyCell.xib */ = {isa = PBXFileReference; fileEncoding = 4; lastKnownFileType = file.xib; path = CollectionPrettyCell.xib; sourceTree = "<group>"; };
		4D7181801F2EDA11007CF38A /* DYDemo.app */ = {isa = PBXFileReference; explicitFileType = wrapper.application; includeInIndex = 0; path = DYDemo.app; sourceTree = BUILT_PRODUCTS_DIR; };
		4D7181831F2EDA11007CF38A /* AppDelegate.swift */ = {isa = PBXFileReference; lastKnownFileType = sourcecode.swift; path = AppDelegate.swift; sourceTree = "<group>"; };
		4D7181881F2EDA11007CF38A /* Base */ = {isa = PBXFileReference; lastKnownFileType = file.storyboard; name = Base; path = Base.lproj/Main.storyboard; sourceTree = "<group>"; };
		4D71818A1F2EDA11007CF38A /* Assets.xcassets */ = {isa = PBXFileReference; lastKnownFileType = folder.assetcatalog; path = Assets.xcassets; sourceTree = "<group>"; };
		4D71818D1F2EDA11007CF38A /* Base */ = {isa = PBXFileReference; lastKnownFileType = file.storyboard; name = Base; path = Base.lproj/LaunchScreen.storyboard; sourceTree = "<group>"; };
		4D71818F1F2EDA11007CF38A /* Info.plist */ = {isa = PBXFileReference; lastKnownFileType = text.plist.xml; path = Info.plist; sourceTree = "<group>"; };
		4D71819F1F2F0D59007CF38A /* Base */ = {isa = PBXFileReference; lastKnownFileType = file.storyboard; name = Base; path = DYDemo/Base.lproj/Home.storyboard; sourceTree = SOURCE_ROOT; };
		4D7181A21F2F0D89007CF38A /* Base */ = {isa = PBXFileReference; lastKnownFileType = file.storyboard; name = Base; path = DYDemo/Base.lproj/Live.storyboard; sourceTree = SOURCE_ROOT; };
		4D7181A51F2F0DA8007CF38A /* Base */ = {isa = PBXFileReference; lastKnownFileType = file.storyboard; name = Base; path = DYDemo/Base.lproj/Follow.storyboard; sourceTree = SOURCE_ROOT; };
		4D7181A81F2F0DC5007CF38A /* Base */ = {isa = PBXFileReference; lastKnownFileType = file.storyboard; name = Base; path = DYDemo/Base.lproj/Profile.storyboard; sourceTree = SOURCE_ROOT; };
		4D7181B81F2F149C007CF38A /* MainTabBarController.swift */ = {isa = PBXFileReference; fileEncoding = 4; lastKnownFileType = sourcecode.swift; path = MainTabBarController.swift; sourceTree = "<group>"; };
		4D7181BD1F2F1573007CF38A /* HomeViewController.swift */ = {isa = PBXFileReference; fileEncoding = 4; lastKnownFileType = sourcecode.swift; path = HomeViewController.swift; sourceTree = "<group>"; };
		4D7181C01F2F2021007CF38A /* UIBarButtonItem-Extension.swift */ = {isa = PBXFileReference; fileEncoding = 4; lastKnownFileType = sourcecode.swift; path = "UIBarButtonItem-Extension.swift"; sourceTree = "<group>"; };
		4D7181C21F2F32E3007CF38A /* PageTitleView.swift */ = {isa = PBXFileReference; fileEncoding = 4; lastKnownFileType = sourcecode.swift; path = PageTitleView.swift; sourceTree = "<group>"; };
		4D8F8E551F31836500F1C630 /* Common.swift */ = {isa = PBXFileReference; fileEncoding = 4; lastKnownFileType = sourcecode.swift; path = Common.swift; sourceTree = "<group>"; };
		4D9F731A1F32F7660025E56B /* PageContentView.swift */ = {isa = PBXFileReference; fileEncoding = 4; lastKnownFileType = sourcecode.swift; path = PageContentView.swift; sourceTree = "<group>"; };
		4D9F731E1F3312DA0025E56B /* UIColor-Extension.swift */ = {isa = PBXFileReference; fileEncoding = 4; lastKnownFileType = sourcecode.swift; path = "UIColor-Extension.swift"; sourceTree = "<group>"; };
/* End PBXFileReference section */

/* Begin PBXFrameworksBuildPhase section */
		4D71817D1F2EDA11007CF38A /* Frameworks */ = {
			isa = PBXFrameworksBuildPhase;
			buildActionMask = 2147483647;
			files = (
			);
			runOnlyForDeploymentPostprocessing = 0;
		};
/* End PBXFrameworksBuildPhase section */

/* Begin PBXGroup section */
		4D7181771F2EDA11007CF38A = {
			isa = PBXGroup;
			children = (
				4D7181821F2EDA11007CF38A /* DYDemo */,
				4D7181811F2EDA11007CF38A /* Products */,
			);
			sourceTree = "<group>";
		};
		4D7181811F2EDA11007CF38A /* Products */ = {
			isa = PBXGroup;
			children = (
				4D7181801F2EDA11007CF38A /* DYDemo.app */,
			);
			name = Products;
			sourceTree = "<group>";
		};
		4D7181821F2EDA11007CF38A /* DYDemo */ = {
			isa = PBXGroup;
			children = (
				4D7181951F2F02E6007CF38A /* Classes */,
				4D7181831F2EDA11007CF38A /* AppDelegate.swift */,
				4D71818A1F2EDA11007CF38A /* Assets.xcassets */,
				4D71818C1F2EDA11007CF38A /* LaunchScreen.storyboard */,
				4D71818F1F2EDA11007CF38A /* Info.plist */,
			);
			path = DYDemo;
			sourceTree = "<group>";
		};
		4D7181951F2F02E6007CF38A /* Classes */ = {
			isa = PBXGroup;
			children = (
				4D71819B1F2F02E6007CF38A /* Tools */,
				4D7181991F2F02E6007CF38A /* Main */,
				4D7181971F2F02E6007CF38A /* Home */,
				4D7181981F2F02E6007CF38A /* Live */,
				4D7181961F2F02E6007CF38A /* Follow */,
				4D71819A1F2F02E6007CF38A /* Profile */,
			);
			path = Classes;
			sourceTree = "<group>";
		};
		4D7181961F2F02E6007CF38A /* Follow */ = {
			isa = PBXGroup;
			children = (
				4D7181BA1F2F1527007CF38A /* Controller */,
				4D7181BB1F2F1527007CF38A /* Model */,
				4D7181BC1F2F1527007CF38A /* View */,
			);
			path = Follow;
			sourceTree = "<group>";
		};
		4D7181971F2F02E6007CF38A /* Home */ = {
			isa = PBXGroup;
			children = (
				4D7181AC1F2F13CE007CF38A /* Controller */,
				4D7181AE1F2F13CE007CF38A /* View */,
				4D7181AD1F2F13CE007CF38A /* Model */,
			);
			path = Home;
			sourceTree = "<group>";
		};
		4D7181981F2F02E6007CF38A /* Live */ = {
			isa = PBXGroup;
			children = (
				4D7181B51F2F1441007CF38A /* Controller */,
				4D7181B61F2F1441007CF38A /* Model */,
				4D7181B71F2F1441007CF38A /* View */,
			);
			path = Live;
			sourceTree = "<group>";
		};
		4D7181991F2F02E6007CF38A /* Main */ = {
			isa = PBXGroup;
			children = (
				4D7181AF1F2F1424007CF38A /* Controller */,
				4D7181B01F2F1424007CF38A /* Model */,
				4D7181B11F2F1424007CF38A /* View */,
			);
			path = Main;
			sourceTree = "<group>";
		};
		4D71819A1F2F02E6007CF38A /* Profile */ = {
			isa = PBXGroup;
			children = (
				4D7181B21F2F1435007CF38A /* Controller */,
				4D7181B31F2F1435007CF38A /* Model */,
				4D7181B41F2F1435007CF38A /* View */,
			);
			path = Profile;
			sourceTree = "<group>";
		};
		4D71819B1F2F02E6007CF38A /* Tools */ = {
			isa = PBXGroup;
			children = (
				4D7181BF1F2F1FF2007CF38A /* Extension */,
				4D8F8E551F31836500F1C630 /* Common.swift */,
			);
			path = Tools;
			sourceTree = "<group>";
		};
		4D7181AC1F2F13CE007CF38A /* Controller */ = {
			isa = PBXGroup;
			children = (
				4D71819E1F2F0D59007CF38A /* Home.storyboard */,
				4D7181BD1F2F1573007CF38A /* HomeViewController.swift */,
				4D3DBA011F3442220012D9BF /* RecommendController.swift */,
			);
			path = Controller;
			sourceTree = "<group>";
		};
		4D7181AD1F2F13CE007CF38A /* Model */ = {
			isa = PBXGroup;
			children = (
			);
			path = Model;
			sourceTree = "<group>";
		};
		4D7181AE1F2F13CE007CF38A /* View */ = {
			isa = PBXGroup;
			children = (
				4D3DBA031F3456070012D9BF /* HomeCollectionHeaderView.swift */,
				4D3DBA041F3456070012D9BF /* HomeCollectionHeaderView.xib */,
			);
			path = View;
			sourceTree = "<group>";
		};
		4D7181AF1F2F1424007CF38A /* Controller */ = {
			isa = PBXGroup;
			children = (
				4D7181871F2EDA11007CF38A /* Main.storyboard */,
				4D7181B81F2F149C007CF38A /* MainTabBarController.swift */,
			);
			path = Controller;
			sourceTree = "<group>";
		};
		4D7181B01F2F1424007CF38A /* Model */ = {
			isa = PBXGroup;
			children = (
			);
			path = Model;
			sourceTree = "<group>";
		};
		4D7181B11F2F1424007CF38A /* View */ = {
			isa = PBXGroup;
			children = (
				4D7181C21F2F32E3007CF38A /* PageTitleView.swift */,
				4D9F731A1F32F7660025E56B /* PageContentView.swift */,
				4D3DBA071F3460440012D9BF /* CollectionNormalCell.swift */,
				4D3DBA081F3460440012D9BF /* CollectionNormalCell.xib */,
				4D3DBA0B1F3464BA0012D9BF /* CollectionPrettyCell.swift */,
				4D3DBA0C1F3464BA0012D9BF /* CollectionPrettyCell.xib */,
			);
			path = View;
			sourceTree = "<group>";
		};
		4D7181B21F2F1435007CF38A /* Controller */ = {
			isa = PBXGroup;
			children = (
				4D7181A71F2F0DC5007CF38A /* Profile.storyboard */,
			);
			path = Controller;
			sourceTree = "<group>";
		};
		4D7181B31F2F1435007CF38A /* Model */ = {
			isa = PBXGroup;
			children = (
			);
			path = Model;
			sourceTree = "<group>";
		};
		4D7181B41F2F1435007CF38A /* View */ = {
			isa = PBXGroup;
			children = (
			);
			path = View;
			sourceTree = "<group>";
		};
		4D7181B51F2F1441007CF38A /* Controller */ = {
			isa = PBXGroup;
			children = (
				4D7181A11F2F0D89007CF38A /* Live.storyboard */,
			);
			path = Controller;
			sourceTree = "<group>";
		};
		4D7181B61F2F1441007CF38A /* Model */ = {
			isa = PBXGroup;
			children = (
			);
			path = Model;
			sourceTree = "<group>";
		};
		4D7181B71F2F1441007CF38A /* View */ = {
			isa = PBXGroup;
			children = (
			);
			path = View;
			sourceTree = "<group>";
		};
		4D7181BA1F2F1527007CF38A /* Controller */ = {
			isa = PBXGroup;
			children = (
				4D7181A41F2F0DA8007CF38A /* Follow.storyboard */,
			);
			path = Controller;
			sourceTree = "<group>";
		};
		4D7181BB1F2F1527007CF38A /* Model */ = {
			isa = PBXGroup;
			children = (
			);
			path = Model;
			sourceTree = "<group>";
		};
		4D7181BC1F2F1527007CF38A /* View */ = {
			isa = PBXGroup;
			children = (
			);
			path = View;
			sourceTree = "<group>";
		};
		4D7181BF1F2F1FF2007CF38A /* Extension */ = {
			isa = PBXGroup;
			children = (
				4D7181C01F2F2021007CF38A /* UIBarButtonItem-Extension.swift */,
				4D9F731E1F3312DA0025E56B /* UIColor-Extension.swift */,
			);
			path = Extension;
			sourceTree = "<group>";
		};
/* End PBXGroup section */

/* Begin PBXNativeTarget section */
		4D71817F1F2EDA11007CF38A /* DYDemo */ = {
			isa = PBXNativeTarget;
			buildConfigurationList = 4D7181921F2EDA11007CF38A /* Build configuration list for PBXNativeTarget "DYDemo" */;
			buildPhases = (
				4D71817C1F2EDA11007CF38A /* Sources */,
				4D71817D1F2EDA11007CF38A /* Frameworks */,
				4D71817E1F2EDA11007CF38A /* Resources */,
			);
			buildRules = (
			);
			dependencies = (
			);
			name = DYDemo;
			productName = DYDemo;
			productReference = 4D7181801F2EDA11007CF38A /* DYDemo.app */;
			productType = "com.apple.product-type.application";
		};
/* End PBXNativeTarget section */

/* Begin PBXProject section */
		4D7181781F2EDA11007CF38A /* Project object */ = {
			isa = PBXProject;
			attributes = {
				LastSwiftUpdateCheck = 0830;
				LastUpgradeCheck = 0830;
				ORGANIZATIONNAME = "ZYP-MAC";
				TargetAttributes = {
					4D71817F1F2EDA11007CF38A = {
						CreatedOnToolsVersion = 8.3.3;
						DevelopmentTeam = 94Y24QML38;
						ProvisioningStyle = Automatic;
					};
				};
			};
			buildConfigurationList = 4D71817B1F2EDA11007CF38A /* Build configuration list for PBXProject "DYDemo" */;
			compatibilityVersion = "Xcode 3.2";
			developmentRegion = English;
			hasScannedForEncodings = 0;
			knownRegions = (
				en,
				Base,
			);
			mainGroup = 4D7181771F2EDA11007CF38A;
			productRefGroup = 4D7181811F2EDA11007CF38A /* Products */;
			projectDirPath = "";
			projectRoot = "";
			targets = (
				4D71817F1F2EDA11007CF38A /* DYDemo */,
			);
		};
/* End PBXProject section */

/* Begin PBXResourcesBuildPhase section */
		4D71817E1F2EDA11007CF38A /* Resources */ = {
			isa = PBXResourcesBuildPhase;
			buildActionMask = 2147483647;
			files = (
				4D71818E1F2EDA11007CF38A /* LaunchScreen.storyboard in Resources */,
				4D71818B1F2EDA11007CF38A /* Assets.xcassets in Resources */,
				4D3DBA0A1F3460440012D9BF /* CollectionNormalCell.xib in Resources */,
				4D7181891F2EDA11007CF38A /* Main.storyboard in Resources */,
				4D7181A31F2F0D89007CF38A /* Live.storyboard in Resources */,
				4D7181A01F2F0D59007CF38A /* Home.storyboard in Resources */,
				4D7181A91F2F0DC5007CF38A /* Profile.storyboard in Resources */,
				4D3DBA0E1F3464BA0012D9BF /* CollectionPrettyCell.xib in Resources */,
				4D3DBA061F3456070012D9BF /* HomeCollectionHeaderView.xib in Resources */,
				4D7181A61F2F0DA8007CF38A /* Follow.storyboard in Resources */,
			);
			runOnlyForDeploymentPostprocessing = 0;
		};
/* End PBXResourcesBuildPhase section */

/* Begin PBXSourcesBuildPhase section */
		4D71817C1F2EDA11007CF38A /* Sources */ = {
			isa = PBXSourcesBuildPhase;
			buildActionMask = 2147483647;
			files = (
				4D7181B91F2F149C007CF38A /* MainTabBarController.swift in Sources */,
				4D9F731F1F3312DA0025E56B /* UIColor-Extension.swift in Sources */,
				4D7181841F2EDA11007CF38A /* AppDelegate.swift in Sources */,
				4D3DBA021F3442220012D9BF /* RecommendController.swift in Sources */,
				4D7181C31F2F32E3007CF38A /* PageTitleView.swift in Sources */,
				4D9F731B1F32F7660025E56B /* PageContentView.swift in Sources */,
				4D3DBA051F3456070012D9BF /* HomeCollectionHeaderView.swift in Sources */,
				4D7181C11F2F2021007CF38A /* UIBarButtonItem-Extension.swift in Sources */,
				4D8F8E561F31836500F1C630 /* Common.swift in Sources */,
				4D3DBA0D1F3464BA0012D9BF /* CollectionPrettyCell.swift in Sources */,
				4D3DBA091F3460440012D9BF /* CollectionNormalCell.swift in Sources */,
				4D7181BE1F2F1573007CF38A /* HomeViewController.swift in Sources */,
			);
			runOnlyForDeploymentPostprocessing = 0;
		};
/* End PBXSourcesBuildPhase section */

/* Begin PBXVariantGroup section */
		4D7181871F2EDA11007CF38A /* Main.storyboard */ = {
			isa = PBXVariantGroup;
			children = (
				4D7181881F2EDA11007CF38A /* Base */,
			);
			name = Main.storyboard;
			path = ../../..;
			sourceTree = "<group>";
		};
		4D71818C1F2EDA11007CF38A /* LaunchScreen.storyboard */ = {
			isa = PBXVariantGroup;
			children = (
				4D71818D1F2EDA11007CF38A /* Base */,
			);
			name = LaunchScreen.storyboard;
			sourceTree = "<group>";
		};
		4D71819E1F2F0D59007CF38A /* Home.storyboard */ = {
			isa = PBXVariantGroup;
			children = (
				4D71819F1F2F0D59007CF38A /* Base */,
			);
			name = Home.storyboard;
			path = ../../Main;
			sourceTree = "<group>";
		};
		4D7181A11F2F0D89007CF38A /* Live.storyboard */ = {
			isa = PBXVariantGroup;
			children = (
				4D7181A21F2F0D89007CF38A /* Base */,
			);
			name = Live.storyboard;
			path = ../../Main;
			sourceTree = "<group>";
		};
		4D7181A41F2F0DA8007CF38A /* Follow.storyboard */ = {
			isa = PBXVariantGroup;
			children = (
				4D7181A51F2F0DA8007CF38A /* Base */,
			);
			name = Follow.storyboard;
			path = ../../Main;
			sourceTree = "<group>";
		};
		4D7181A71F2F0DC5007CF38A /* Profile.storyboard */ = {
			isa = PBXVariantGroup;
			children = (
				4D7181A81F2F0DC5007CF38A /* Base */,
			);
			name = Profile.storyboard;
			path = ../../Main;
			sourceTree = "<group>";
		};
/* End PBXVariantGroup section */

/* Begin XCBuildConfiguration section */
		4D7181901F2EDA11007CF38A /* Debug */ = {
			isa = XCBuildConfiguration;
			buildSettings = {
				ALWAYS_SEARCH_USER_PATHS = NO;
				CLANG_ANALYZER_NONNULL = YES;
				CLANG_ANALYZER_NUMBER_OBJECT_CONVERSION = YES_AGGRESSIVE;
				CLANG_CXX_LANGUAGE_STANDARD = "gnu++0x";
				CLANG_CXX_LIBRARY = "libc++";
				CLANG_ENABLE_MODULES = YES;
				CLANG_ENABLE_OBJC_ARC = YES;
				CLANG_WARN_BOOL_CONVERSION = YES;
				CLANG_WARN_CONSTANT_CONVERSION = YES;
				CLANG_WARN_DIRECT_OBJC_ISA_USAGE = YES_ERROR;
				CLANG_WARN_DOCUMENTATION_COMMENTS = YES;
				CLANG_WARN_EMPTY_BODY = YES;
				CLANG_WARN_ENUM_CONVERSION = YES;
				CLANG_WARN_INFINITE_RECURSION = YES;
				CLANG_WARN_INT_CONVERSION = YES;
				CLANG_WARN_OBJC_ROOT_CLASS = YES_ERROR;
				CLANG_WARN_SUSPICIOUS_MOVE = YES;
				CLANG_WARN_UNREACHABLE_CODE = YES;
				CLANG_WARN__DUPLICATE_METHOD_MATCH = YES;
				"CODE_SIGN_IDENTITY[sdk=iphoneos*]" = "iPhone Developer";
				COPY_PHASE_STRIP = NO;
				DEBUG_INFORMATION_FORMAT = dwarf;
				ENABLE_STRICT_OBJC_MSGSEND = YES;
				ENABLE_TESTABILITY = YES;
				GCC_C_LANGUAGE_STANDARD = gnu99;
				GCC_DYNAMIC_NO_PIC = NO;
				GCC_NO_COMMON_BLOCKS = YES;
				GCC_OPTIMIZATION_LEVEL = 0;
				GCC_PREPROCESSOR_DEFINITIONS = (
					"DEBUG=1",
					"$(inherited)",
				);
				GCC_WARN_64_TO_32_BIT_CONVERSION = YES;
				GCC_WARN_ABOUT_RETURN_TYPE = YES_ERROR;
				GCC_WARN_UNDECLARED_SELECTOR = YES;
				GCC_WARN_UNINITIALIZED_AUTOS = YES_AGGRESSIVE;
				GCC_WARN_UNUSED_FUNCTION = YES;
				GCC_WARN_UNUSED_VARIABLE = YES;
				IPHONEOS_DEPLOYMENT_TARGET = 10.3;
				MTL_ENABLE_DEBUG_INFO = YES;
				ONLY_ACTIVE_ARCH = YES;
				SDKROOT = iphoneos;
				SWIFT_ACTIVE_COMPILATION_CONDITIONS = DEBUG;
				SWIFT_OPTIMIZATION_LEVEL = "-Onone";
			};
			name = Debug;
		};
		4D7181911F2EDA11007CF38A /* Release */ = {
			isa = XCBuildConfiguration;
			buildSettings = {
				ALWAYS_SEARCH_USER_PATHS = NO;
				CLANG_ANALYZER_NONNULL = YES;
				CLANG_ANALYZER_NUMBER_OBJECT_CONVERSION = YES_AGGRESSIVE;
				CLANG_CXX_LANGUAGE_STANDARD = "gnu++0x";
				CLANG_CXX_LIBRARY = "libc++";
				CLANG_ENABLE_MODULES = YES;
				CLANG_ENABLE_OBJC_ARC = YES;
				CLANG_WARN_BOOL_CONVERSION = YES;
				CLANG_WARN_CONSTANT_CONVERSION = YES;
				CLANG_WARN_DIRECT_OBJC_ISA_USAGE = YES_ERROR;
				CLANG_WARN_DOCUMENTATION_COMMENTS = YES;
				CLANG_WARN_EMPTY_BODY = YES;
				CLANG_WARN_ENUM_CONVERSION = YES;
				CLANG_WARN_INFINITE_RECURSION = YES;
				CLANG_WARN_INT_CONVERSION = YES;
				CLANG_WARN_OBJC_ROOT_CLASS = YES_ERROR;
				CLANG_WARN_SUSPICIOUS_MOVE = YES;
				CLANG_WARN_UNREACHABLE_CODE = YES;
				CLANG_WARN__DUPLICATE_METHOD_MATCH = YES;
				"CODE_SIGN_IDENTITY[sdk=iphoneos*]" = "iPhone Developer";
				COPY_PHASE_STRIP = NO;
				DEBUG_INFORMATION_FORMAT = "dwarf-with-dsym";
				ENABLE_NS_ASSERTIONS = NO;
				ENABLE_STRICT_OBJC_MSGSEND = YES;
				GCC_C_LANGUAGE_STANDARD = gnu99;
				GCC_NO_COMMON_BLOCKS = YES;
				GCC_WARN_64_TO_32_BIT_CONVERSION = YES;
				GCC_WARN_ABOUT_RETURN_TYPE = YES_ERROR;
				GCC_WARN_UNDECLARED_SELECTOR = YES;
				GCC_WARN_UNINITIALIZED_AUTOS = YES_AGGRESSIVE;
				GCC_WARN_UNUSED_FUNCTION = YES;
				GCC_WARN_UNUSED_VARIABLE = YES;
				IPHONEOS_DEPLOYMENT_TARGET = 10.3;
				MTL_ENABLE_DEBUG_INFO = NO;
				SDKROOT = iphoneos;
				SWIFT_OPTIMIZATION_LEVEL = "-Owholemodule";
				VALIDATE_PRODUCT = YES;
			};
			name = Release;
		};
		4D7181931F2EDA11007CF38A /* Debug */ = {
			isa = XCBuildConfiguration;
			buildSettings = {
				ASSETCATALOG_COMPILER_APPICON_NAME = AppIcon;
				ASSETCATALOG_COMPILER_LAUNCHIMAGE_NAME = LaunchImage;
				DEVELOPMENT_TEAM = 94Y24QML38;
				INFOPLIST_FILE = DYDemo/Info.plist;
				IPHONEOS_DEPLOYMENT_TARGET = 9.0;
				LD_RUNPATH_SEARCH_PATHS = "$(inherited) @executable_path/Frameworks";
				PRODUCT_BUNDLE_IDENTIFIER = ZYP.DYDemo;
				PRODUCT_NAME = "$(TARGET_NAME)";
				SWIFT_VERSION = 3.0;
			};
			name = Debug;
		};
		4D7181941F2EDA11007CF38A /* Release */ = {
			isa = XCBuildConfiguration;
			buildSettings = {
				ASSETCATALOG_COMPILER_APPICON_NAME = AppIcon;
				ASSETCATALOG_COMPILER_LAUNCHIMAGE_NAME = LaunchImage;
				DEVELOPMENT_TEAM = 94Y24QML38;
				INFOPLIST_FILE = DYDemo/Info.plist;
				IPHONEOS_DEPLOYMENT_TARGET = 9.0;
				LD_RUNPATH_SEARCH_PATHS = "$(inherited) @executable_path/Frameworks";
				PRODUCT_BUNDLE_IDENTIFIER = ZYP.DYDemo;
				PRODUCT_NAME = "$(TARGET_NAME)";
				SWIFT_VERSION = 3.0;
			};
			name = Release;
		};
/* End XCBuildConfiguration section */

/* Begin XCConfigurationList section */
		4D71817B1F2EDA11007CF38A /* Build configuration list for PBXProject "DYDemo" */ = {
			isa = XCConfigurationList;
			buildConfigurations = (
				4D7181901F2EDA11007CF38A /* Debug */,
				4D7181911F2EDA11007CF38A /* Release */,
			);
			defaultConfigurationIsVisible = 0;
			defaultConfigurationName = Release;
		};
		4D7181921F2EDA11007CF38A /* Build configuration list for PBXNativeTarget "DYDemo" */ = {
			isa = XCConfigurationList;
			buildConfigurations = (
				4D7181931F2EDA11007CF38A /* Debug */,
				4D7181941F2EDA11007CF38A /* Release */,
			);
			defaultConfigurationIsVisible = 0;
			defaultConfigurationName = Release;
		};
/* End XCConfigurationList section */
	};
	rootObject = 4D7181781F2EDA11007CF38A /* Project object */;
}
